// !$*UTF8*$!
{
	archiveVersion = 1;
	classes = {
	};
	objectVersion = 55;
	objects = {

/* Begin PBXBuildFile section */
		7A2BDEB1284DD9F800D53858 /* SegmentedView.h in Headers */ = {isa = PBXBuildFile; fileRef = 7A2BDEB0284DD9F800D53858 /* SegmentedView.h */; settings = {ATTRIBUTES = (Public, ); }; };
		7A2BDEE9284DDA7400D53858 /* Assets.xcassets in Resources */ = {isa = PBXBuildFile; fileRef = 7A2BDEE8284DDA7400D53858 /* Assets.xcassets */; };
		7A2BDEEC284DDA7400D53858 /* LaunchScreen.storyboard in Resources */ = {isa = PBXBuildFile; fileRef = 7A2BDEEA284DDA7400D53858 /* LaunchScreen.storyboard */; };
		7A2BDEF2284DDAC700D53858 /* AppDelegate.swift in Sources */ = {isa = PBXBuildFile; fileRef = 7A2BDEF1284DDAC700D53858 /* AppDelegate.swift */; };
		7A2BDEF4284DDAEC00D53858 /* SceneDelegate.swift in Sources */ = {isa = PBXBuildFile; fileRef = 7A2BDEF3284DDAEC00D53858 /* SceneDelegate.swift */; };
		7A2BDEF6284DDB3800D53858 /* ViewController.swift in Sources */ = {isa = PBXBuildFile; fileRef = 7A2BDEF5284DDB3800D53858 /* ViewController.swift */; };
		7A2BDEF8284DDBB700D53858 /* SegmentedView.swift in Sources */ = {isa = PBXBuildFile; fileRef = 7A2BDEF7284DDBB700D53858 /* SegmentedView.swift */; };
		7A2BDEFC284DDCB100D53858 /* SegmentedBar.swift in Sources */ = {isa = PBXBuildFile; fileRef = 7A2BDEFB284DDCB100D53858 /* SegmentedBar.swift */; };
		7A2BDEFE284DDEEE00D53858 /* SegmentedView.framework in Frameworks */ = {isa = PBXBuildFile; fileRef = 7A2BDEAD284DD9F800D53858 /* SegmentedView.framework */; };
		7A2BDEFF284DDEEE00D53858 /* SegmentedView.framework in Embed Frameworks */ = {isa = PBXBuildFile; fileRef = 7A2BDEAD284DD9F800D53858 /* SegmentedView.framework */; settings = {ATTRIBUTES = (CodeSignOnCopy, RemoveHeadersOnCopy, ); }; };
		7A2BDF05284DE5DD00D53858 /* LookinServer in Frameworks */ = {isa = PBXBuildFile; productRef = 7A2BDF04284DE5DD00D53858 /* LookinServer */; };
		7AAA60B6284E2C0400306DB7 /* SnapKit in Frameworks */ = {isa = PBXBuildFile; productRef = 7AAA60B5284E2C0400306DB7 /* SnapKit */; };
		7AAA60B8284F32DC00306DB7 /* UIViewShadowExtension.swift in Sources */ = {isa = PBXBuildFile; fileRef = 7AAA60B7284F32DC00306DB7 /* UIViewShadowExtension.swift */; };
		7AAA60BA284F4EA500306DB7 /* DisplayView.swift in Sources */ = {isa = PBXBuildFile; fileRef = 7AAA60B9284F4EA500306DB7 /* DisplayView.swift */; };
		7AAA60E22850819A00306DB7 /* SliderView.swift in Sources */ = {isa = PBXBuildFile; fileRef = 7AAA60E12850819A00306DB7 /* SliderView.swift */; };
/* End PBXBuildFile section */

/* Begin PBXContainerItemProxy section */
		7A2BDF00284DDEEE00D53858 /* PBXContainerItemProxy */ = {
			isa = PBXContainerItemProxy;
			containerPortal = 7A2BDEA4284DD9F800D53858 /* Project object */;
			proxyType = 1;
			remoteGlobalIDString = 7A2BDEAC284DD9F800D53858;
			remoteInfo = SegmentedView;
		};
/* End PBXContainerItemProxy section */

/* Begin PBXCopyFilesBuildPhase section */
		7A2BDF02284DDEEE00D53858 /* Embed Frameworks */ = {
			isa = PBXCopyFilesBuildPhase;
			buildActionMask = 2147483647;
			dstPath = "";
			dstSubfolderSpec = 10;
			files = (
				7A2BDEFF284DDEEE00D53858 /* SegmentedView.framework in Embed Frameworks */,
			);
			name = "Embed Frameworks";
			runOnlyForDeploymentPostprocessing = 0;
		};
/* End PBXCopyFilesBuildPhase section */

/* Begin PBXFileReference section */
		7A2BDEAD284DD9F800D53858 /* SegmentedView.framework */ = {isa = PBXFileReference; explicitFileType = wrapper.framework; includeInIndex = 0; path = SegmentedView.framework; sourceTree = BUILT_PRODUCTS_DIR; };
		7A2BDEB0284DD9F800D53858 /* SegmentedView.h */ = {isa = PBXFileReference; lastKnownFileType = sourcecode.c.h; path = SegmentedView.h; sourceTree = "<group>"; };
		7A2BDEDD284DDA7200D53858 /* SegmentedViewDemo.app */ = {isa = PBXFileReference; explicitFileType = wrapper.application; includeInIndex = 0; path = SegmentedViewDemo.app; sourceTree = BUILT_PRODUCTS_DIR; };
		7A2BDEE8284DDA7400D53858 /* Assets.xcassets */ = {isa = PBXFileReference; lastKnownFileType = folder.assetcatalog; path = Assets.xcassets; sourceTree = "<group>"; };
		7A2BDEEB284DDA7400D53858 /* Base */ = {isa = PBXFileReference; lastKnownFileType = file.storyboard; name = Base; path = Base.lproj/LaunchScreen.storyboard; sourceTree = "<group>"; };
		7A2BDEED284DDA7400D53858 /* Info.plist */ = {isa = PBXFileReference; lastKnownFileType = text.plist.xml; path = Info.plist; sourceTree = "<group>"; };
		7A2BDEF1284DDAC700D53858 /* AppDelegate.swift */ = {isa = PBXFileReference; lastKnownFileType = sourcecode.swift; path = AppDelegate.swift; sourceTree = "<group>"; };
		7A2BDEF3284DDAEC00D53858 /* SceneDelegate.swift */ = {isa = PBXFileReference; lastKnownFileType = sourcecode.swift; path = SceneDelegate.swift; sourceTree = "<group>"; };
		7A2BDEF5284DDB3800D53858 /* ViewController.swift */ = {isa = PBXFileReference; lastKnownFileType = sourcecode.swift; path = ViewController.swift; sourceTree = "<group>"; };
		7A2BDEF7284DDBB700D53858 /* SegmentedView.swift */ = {isa = PBXFileReference; lastKnownFileType = sourcecode.swift; path = SegmentedView.swift; sourceTree = "<group>"; };
		7A2BDEFB284DDCB100D53858 /* SegmentedBar.swift */ = {isa = PBXFileReference; lastKnownFileType = sourcecode.swift; path = SegmentedBar.swift; sourceTree = "<group>"; };
		7AAA60B7284F32DC00306DB7 /* UIViewShadowExtension.swift */ = {isa = PBXFileReference; lastKnownFileType = sourcecode.swift; path = UIViewShadowExtension.swift; sourceTree = "<group>"; };
		7AAA60B9284F4EA500306DB7 /* DisplayView.swift */ = {isa = PBXFileReference; lastKnownFileType = sourcecode.swift; path = DisplayView.swift; sourceTree = "<group>"; };
		7AAA60E12850819A00306DB7 /* SliderView.swift */ = {isa = PBXFileReference; lastKnownFileType = sourcecode.swift; path = SliderView.swift; sourceTree = "<group>"; };
/* End PBXFileReference section */

/* Begin PBXFrameworksBuildPhase section */
		7A2BDEAA284DD9F800D53858 /* Frameworks */ = {
			isa = PBXFrameworksBuildPhase;
			buildActionMask = 2147483647;
			files = (
				7A2BDF05284DE5DD00D53858 /* LookinServer in Frameworks */,
				7AAA60B6284E2C0400306DB7 /* SnapKit in Frameworks */,
			);
			runOnlyForDeploymentPostprocessing = 0;
		};
		7A2BDEDA284DDA7200D53858 /* Frameworks */ = {
			isa = PBXFrameworksBuildPhase;
			buildActionMask = 2147483647;
			files = (
				7A2BDEFE284DDEEE00D53858 /* SegmentedView.framework in Frameworks */,
			);
			runOnlyForDeploymentPostprocessing = 0;
		};
/* End PBXFrameworksBuildPhase section */

/* Begin PBXGroup section */
		7A2BDEA3284DD9F800D53858 = {
			isa = PBXGroup;
			children = (
				7A2BDEAF284DD9F800D53858 /* SegmentedView */,
				7A2BDEDE284DDA7200D53858 /* SegmentedViewDemo */,
				7A2BDEAE284DD9F800D53858 /* Products */,
				7A2BDEFD284DDEEE00D53858 /* Frameworks */,
			);
			sourceTree = "<group>";
		};
		7A2BDEAE284DD9F800D53858 /* Products */ = {
			isa = PBXGroup;
			children = (
				7A2BDEAD284DD9F800D53858 /* SegmentedView.framework */,
				7A2BDEDD284DDA7200D53858 /* SegmentedViewDemo.app */,
			);
			name = Products;
			sourceTree = "<group>";
		};
		7A2BDEAF284DD9F800D53858 /* SegmentedView */ = {
			isa = PBXGroup;
			children = (
				7A2BDEB0284DD9F800D53858 /* SegmentedView.h */,
				7A2BDEF7284DDBB700D53858 /* SegmentedView.swift */,
				7A2BDEFB284DDCB100D53858 /* SegmentedBar.swift */,
				7AAA60B7284F32DC00306DB7 /* UIViewShadowExtension.swift */,
				7AAA60B9284F4EA500306DB7 /* DisplayView.swift */,
				7AAA60E12850819A00306DB7 /* SliderView.swift */,
			);
			path = SegmentedView;
			sourceTree = "<group>";
		};
		7A2BDEDE284DDA7200D53858 /* SegmentedViewDemo */ = {
			isa = PBXGroup;
			children = (
				7A2BDEE8284DDA7400D53858 /* Assets.xcassets */,
				7A2BDEEA284DDA7400D53858 /* LaunchScreen.storyboard */,
				7A2BDEED284DDA7400D53858 /* Info.plist */,
				7A2BDEF1284DDAC700D53858 /* AppDelegate.swift */,
				7A2BDEF3284DDAEC00D53858 /* SceneDelegate.swift */,
				7A2BDEF5284DDB3800D53858 /* ViewController.swift */,
			);
			path = SegmentedViewDemo;
			sourceTree = "<group>";
		};
		7A2BDEFD284DDEEE00D53858 /* Frameworks */ = {
			isa = PBXGroup;
			children = (
			);
			name = Frameworks;
			sourceTree = "<group>";
		};
/* End PBXGroup section */

/* Begin PBXHeadersBuildPhase section */
		7A2BDEA8284DD9F800D53858 /* Headers */ = {
			isa = PBXHeadersBuildPhase;
			buildActionMask = 2147483647;
			files = (
				7A2BDEB1284DD9F800D53858 /* SegmentedView.h in Headers */,
			);
			runOnlyForDeploymentPostprocessing = 0;
		};
/* End PBXHeadersBuildPhase section */

/* Begin PBXNativeTarget section */
		7A2BDEAC284DD9F800D53858 /* SegmentedView */ = {
			isa = PBXNativeTarget;
			buildConfigurationList = 7A2BDEB4284DD9F800D53858 /* Build configuration list for PBXNativeTarget "SegmentedView" */;
			buildPhases = (
				7A2BDEA8284DD9F800D53858 /* Headers */,
				7A2BDEA9284DD9F800D53858 /* Sources */,
				7A2BDEAA284DD9F800D53858 /* Frameworks */,
				7A2BDEAB284DD9F800D53858 /* Resources */,
			);
			buildRules = (
			);
			dependencies = (
			);
			name = SegmentedView;
			packageProductDependencies = (
				7A2BDF04284DE5DD00D53858 /* LookinServer */,
				7AAA60B5284E2C0400306DB7 /* SnapKit */,
			);
			productName = SegmentedView;
			productReference = 7A2BDEAD284DD9F800D53858 /* SegmentedView.framework */;
			productType = "com.apple.product-type.framework";
		};
		7A2BDEDC284DDA7200D53858 /* SegmentedViewDemo */ = {
			isa = PBXNativeTarget;
			buildConfigurationList = 7A2BDEEE284DDA7400D53858 /* Build configuration list for PBXNativeTarget "SegmentedViewDemo" */;
			buildPhases = (
				7A2BDED9284DDA7200D53858 /* Sources */,
				7A2BDEDA284DDA7200D53858 /* Frameworks */,
				7A2BDEDB284DDA7200D53858 /* Resources */,
				7A2BDF02284DDEEE00D53858 /* Embed Frameworks */,
			);
			buildRules = (
			);
			dependencies = (
				7A2BDF01284DDEEE00D53858 /* PBXTargetDependency */,
			);
			name = SegmentedViewDemo;
			productName = SegmentedViewDemo;
			productReference = 7A2BDEDD284DDA7200D53858 /* SegmentedViewDemo.app */;
			productType = "com.apple.product-type.application";
		};
/* End PBXNativeTarget section */

/* Begin PBXProject section */
		7A2BDEA4284DD9F800D53858 /* Project object */ = {
			isa = PBXProject;
			attributes = {
				BuildIndependentTargetsInParallel = 1;
				LastSwiftUpdateCheck = 1340;
				LastUpgradeCheck = 1340;
				TargetAttributes = {
					7A2BDEAC284DD9F800D53858 = {
						CreatedOnToolsVersion = 13.4;
						LastSwiftMigration = 1340;
					};
					7A2BDEDC284DDA7200D53858 = {
						CreatedOnToolsVersion = 13.4;
					};
				};
			};
			buildConfigurationList = 7A2BDEA7284DD9F800D53858 /* Build configuration list for PBXProject "SegmentedView" */;
			compatibilityVersion = "Xcode 13.0";
			developmentRegion = en;
			hasScannedForEncodings = 0;
			knownRegions = (
				en,
				Base,
			);
			mainGroup = 7A2BDEA3284DD9F800D53858;
			packageReferences = (
				7A2BDF03284DE5DD00D53858 /* XCRemoteSwiftPackageReference "LookinServer" */,
				7AAA60B4284E2C0400306DB7 /* XCRemoteSwiftPackageReference "SnapKit" */,
			);
			productRefGroup = 7A2BDEAE284DD9F800D53858 /* Products */;
			projectDirPath = "";
			projectRoot = "";
			targets = (
				7A2BDEAC284DD9F800D53858 /* SegmentedView */,
				7A2BDEDC284DDA7200D53858 /* SegmentedViewDemo */,
			);
		};
/* End PBXProject section */

/* Begin PBXResourcesBuildPhase section */
		7A2BDEAB284DD9F800D53858 /* Resources */ = {
			isa = PBXResourcesBuildPhase;
			buildActionMask = 2147483647;
			files = (
			);
			runOnlyForDeploymentPostprocessing = 0;
		};
		7A2BDEDB284DDA7200D53858 /* Resources */ = {
			isa = PBXResourcesBuildPhase;
			buildActionMask = 2147483647;
			files = (
				7A2BDEEC284DDA7400D53858 /* LaunchScreen.storyboard in Resources */,
				7A2BDEE9284DDA7400D53858 /* Assets.xcassets in Resources */,
			);
			runOnlyForDeploymentPostprocessing = 0;
		};
/* End PBXResourcesBuildPhase section */

/* Begin PBXSourcesBuildPhase section */
		7A2BDEA9284DD9F800D53858 /* Sources */ = {
			isa = PBXSourcesBuildPhase;
			buildActionMask = 2147483647;
			files = (
				7AAA60B8284F32DC00306DB7 /* UIViewShadowExtension.swift in Sources */,
				7AAA60BA284F4EA500306DB7 /* DisplayView.swift in Sources */,
				7A2BDEFC284DDCB100D53858 /* SegmentedBar.swift in Sources */,
				7A2BDEF8284DDBB700D53858 /* SegmentedView.swift in Sources */,
				7AAA60E22850819A00306DB7 /* SliderView.swift in Sources */,
			);
			runOnlyForDeploymentPostprocessing = 0;
		};
		7A2BDED9284DDA7200D53858 /* Sources */ = {
			isa = PBXSourcesBuildPhase;
			buildActionMask = 2147483647;
			files = (
				7A2BDEF6284DDB3800D53858 /* ViewController.swift in Sources */,
				7A2BDEF2284DDAC700D53858 /* AppDelegate.swift in Sources */,
				7A2BDEF4284DDAEC00D53858 /* SceneDelegate.swift in Sources */,
			);
			runOnlyForDeploymentPostprocessing = 0;
		};
/* End PBXSourcesBuildPhase section */

/* Begin PBXTargetDependency section */
		7A2BDF01284DDEEE00D53858 /* PBXTargetDependency */ = {
			isa = PBXTargetDependency;
			target = 7A2BDEAC284DD9F800D53858 /* SegmentedView */;
			targetProxy = 7A2BDF00284DDEEE00D53858 /* PBXContainerItemProxy */;
		};
/* End PBXTargetDependency section */

/* Begin PBXVariantGroup section */
		7A2BDEEA284DDA7400D53858 /* LaunchScreen.storyboard */ = {
			isa = PBXVariantGroup;
			children = (
				7A2BDEEB284DDA7400D53858 /* Base */,
			);
			name = LaunchScreen.storyboard;
			sourceTree = "<group>";
		};
/* End PBXVariantGroup section */

/* Begin XCBuildConfiguration section */
		7A2BDEB2284DD9F800D53858 /* Debug */ = {
			isa = XCBuildConfiguration;
			buildSettings = {
				ALWAYS_SEARCH_USER_PATHS = NO;
				CLANG_ANALYZER_NONNULL = YES;
				CLANG_ANALYZER_NUMBER_OBJECT_CONVERSION = YES_AGGRESSIVE;
				CLANG_CXX_LANGUAGE_STANDARD = "gnu++17";
				CLANG_ENABLE_MODULES = YES;
				CLANG_ENABLE_OBJC_ARC = YES;
				CLANG_ENABLE_OBJC_WEAK = YES;
				CLANG_WARN_BLOCK_CAPTURE_AUTORELEASING = YES;
				CLANG_WARN_BOOL_CONVERSION = YES;
				CLANG_WARN_COMMA = YES;
				CLANG_WARN_CONSTANT_CONVERSION = YES;
				CLANG_WARN_DEPRECATED_OBJC_IMPLEMENTATIONS = YES;
				CLANG_WARN_DIRECT_OBJC_ISA_USAGE = YES_ERROR;
				CLANG_WARN_DOCUMENTATION_COMMENTS = YES;
				CLANG_WARN_EMPTY_BODY = YES;
				CLANG_WARN_ENUM_CONVERSION = YES;
				CLANG_WARN_INFINITE_RECURSION = YES;
				CLANG_WARN_INT_CONVERSION = YES;
				CLANG_WARN_NON_LITERAL_NULL_CONVERSION = YES;
				CLANG_WARN_OBJC_IMPLICIT_RETAIN_SELF = YES;
				CLANG_WARN_OBJC_LITERAL_CONVERSION = YES;
				CLANG_WARN_OBJC_ROOT_CLASS = YES_ERROR;
				CLANG_WARN_QUOTED_INCLUDE_IN_FRAMEWORK_HEADER = YES;
				CLANG_WARN_RANGE_LOOP_ANALYSIS = YES;
				CLANG_WARN_STRICT_PROTOTYPES = YES;
				CLANG_WARN_SUSPICIOUS_MOVE = YES;
				CLANG_WARN_UNGUARDED_AVAILABILITY = YES_AGGRESSIVE;
				CLANG_WARN_UNREACHABLE_CODE = YES;
				CLANG_WARN__DUPLICATE_METHOD_MATCH = YES;
				COPY_PHASE_STRIP = NO;
				CURRENT_PROJECT_VERSION = 1;
				DEBUG_INFORMATION_FORMAT = dwarf;
				ENABLE_STRICT_OBJC_MSGSEND = YES;
				ENABLE_TESTABILITY = YES;
				GCC_C_LANGUAGE_STANDARD = gnu11;
				GCC_DYNAMIC_NO_PIC = NO;
				GCC_NO_COMMON_BLOCKS = YES;
				GCC_OPTIMIZATION_LEVEL = 0;
				GCC_PREPROCESSOR_DEFINITIONS = (
					"DEBUG=1",
					"$(inherited)",
				);
				GCC_WARN_64_TO_32_BIT_CONVERSION = YES;
				GCC_WARN_ABOUT_RETURN_TYPE = YES_ERROR;
				GCC_WARN_UNDECLARED_SELECTOR = YES;
				GCC_WARN_UNINITIALIZED_AUTOS = YES_AGGRESSIVE;
				GCC_WARN_UNUSED_FUNCTION = YES;
				GCC_WARN_UNUSED_VARIABLE = YES;
				IPHONEOS_DEPLOYMENT_TARGET = 13.0;
				MTL_ENABLE_DEBUG_INFO = INCLUDE_SOURCE;
				MTL_FAST_MATH = YES;
				ONLY_ACTIVE_ARCH = YES;
				SDKROOT = iphoneos;
				SWIFT_ACTIVE_COMPILATION_CONDITIONS = DEBUG;
				SWIFT_OPTIMIZATION_LEVEL = "-Onone";
				VERSIONING_SYSTEM = "apple-generic";
				VERSION_INFO_PREFIX = "";
			};
			name = Debug;
		};
		7A2BDEB3284DD9F800D53858 /* Release */ = {
			isa = XCBuildConfiguration;
			buildSettings = {
				ALWAYS_SEARCH_USER_PATHS = NO;
				CLANG_ANALYZER_NONNULL = YES;
				CLANG_ANALYZER_NUMBER_OBJECT_CONVERSION = YES_AGGRESSIVE;
				CLANG_CXX_LANGUAGE_STANDARD = "gnu++17";
				CLANG_ENABLE_MODULES = YES;
				CLANG_ENABLE_OBJC_ARC = YES;
				CLANG_ENABLE_OBJC_WEAK = YES;
				CLANG_WARN_BLOCK_CAPTURE_AUTORELEASING = YES;
				CLANG_WARN_BOOL_CONVERSION = YES;
				CLANG_WARN_COMMA = YES;
				CLANG_WARN_CONSTANT_CONVERSION = YES;
				CLANG_WARN_DEPRECATED_OBJC_IMPLEMENTATIONS = YES;
				CLANG_WARN_DIRECT_OBJC_ISA_USAGE = YES_ERROR;
				CLANG_WARN_DOCUMENTATION_COMMENTS = YES;
				CLANG_WARN_EMPTY_BODY = YES;
				CLANG_WARN_ENUM_CONVERSION = YES;
				CLANG_WARN_INFINITE_RECURSION = YES;
				CLANG_WARN_INT_CONVERSION = YES;
				CLANG_WARN_NON_LITERAL_NULL_CONVERSION = YES;
				CLANG_WARN_OBJC_IMPLICIT_RETAIN_SELF = YES;
				CLANG_WARN_OBJC_LITERAL_CONVERSION = YES;
				CLANG_WARN_OBJC_ROOT_CLASS = YES_ERROR;
				CLANG_WARN_QUOTED_INCLUDE_IN_FRAMEWORK_HEADER = YES;
				CLANG_WARN_RANGE_LOOP_ANALYSIS = YES;
				CLANG_WARN_STRICT_PROTOTYPES = YES;
				CLANG_WARN_SUSPICIOUS_MOVE = YES;
				CLANG_WARN_UNGUARDED_AVAILABILITY = YES_AGGRESSIVE;
				CLANG_WARN_UNREACHABLE_CODE = YES;
				CLANG_WARN__DUPLICATE_METHOD_MATCH = YES;
				COPY_PHASE_STRIP = NO;
				CURRENT_PROJECT_VERSION = 1;
				DEBUG_INFORMATION_FORMAT = "dwarf-with-dsym";
				ENABLE_NS_ASSERTIONS = NO;
				ENABLE_STRICT_OBJC_MSGSEND = YES;
				GCC_C_LANGUAGE_STANDARD = gnu11;
				GCC_NO_COMMON_BLOCKS = YES;
				GCC_WARN_64_TO_32_BIT_CONVERSION = YES;
				GCC_WARN_ABOUT_RETURN_TYPE = YES_ERROR;
				GCC_WARN_UNDECLARED_SELECTOR = YES;
				GCC_WARN_UNINITIALIZED_AUTOS = YES_AGGRESSIVE;
				GCC_WARN_UNUSED_FUNCTION = YES;
				GCC_WARN_UNUSED_VARIABLE = YES;
				IPHONEOS_DEPLOYMENT_TARGET = 13.0;
				MTL_ENABLE_DEBUG_INFO = NO;
				MTL_FAST_MATH = YES;
				SDKROOT = iphoneos;
				SWIFT_COMPILATION_MODE = wholemodule;
				SWIFT_OPTIMIZATION_LEVEL = "-O";
				VALIDATE_PRODUCT = YES;
				VERSIONING_SYSTEM = "apple-generic";
				VERSION_INFO_PREFIX = "";
			};
			name = Release;
		};
		7A2BDEB5284DD9F800D53858 /* Debug */ = {
			isa = XCBuildConfiguration;
			buildSettings = {
				CLANG_ENABLE_MODULES = YES;
				CODE_SIGN_STYLE = Automatic;
				CURRENT_PROJECT_VERSION = 1;
				DEFINES_MODULE = YES;
				DYLIB_COMPATIBILITY_VERSION = 1;
				DYLIB_CURRENT_VERSION = 1;
				DYLIB_INSTALL_NAME_BASE = "@rpath";
				GENERATE_INFOPLIST_FILE = YES;
				INFOPLIST_KEY_NSHumanReadableCopyright = "";
				INSTALL_PATH = "$(LOCAL_LIBRARY_DIR)/Frameworks";
				LD_RUNPATH_SEARCH_PATHS = (
					"$(inherited)",
					"@executable_path/Frameworks",
					"@loader_path/Frameworks",
				);
				MARKETING_VERSION = 1.0;
				PRODUCT_BUNDLE_IDENTIFIER = com.lagrange1813.SegmentedView;
				PRODUCT_NAME = "$(TARGET_NAME:c99extidentifier)";
				SKIP_INSTALL = YES;
				SWIFT_EMIT_LOC_STRINGS = YES;
				SWIFT_OPTIMIZATION_LEVEL = "-Onone";
				SWIFT_VERSION = 5.0;
				TARGETED_DEVICE_FAMILY = "1,2";
			};
			name = Debug;
		};
		7A2BDEB6284DD9F800D53858 /* Release */ = {
			isa = XCBuildConfiguration;
			buildSettings = {
				CLANG_ENABLE_MODULES = YES;
				CODE_SIGN_STYLE = Automatic;
				CURRENT_PROJECT_VERSION = 1;
				DEFINES_MODULE = YES;
				DYLIB_COMPATIBILITY_VERSION = 1;
				DYLIB_CURRENT_VERSION = 1;
				DYLIB_INSTALL_NAME_BASE = "@rpath";
				GENERATE_INFOPLIST_FILE = YES;
				INFOPLIST_KEY_NSHumanReadableCopyright = "";
				INSTALL_PATH = "$(LOCAL_LIBRARY_DIR)/Frameworks";
				LD_RUNPATH_SEARCH_PATHS = (
					"$(inherited)",
					"@executable_path/Frameworks",
					"@loader_path/Frameworks",
				);
				MARKETING_VERSION = 1.0;
				PRODUCT_BUNDLE_IDENTIFIER = com.lagrange1813.SegmentedView;
				PRODUCT_NAME = "$(TARGET_NAME:c99extidentifier)";
				SKIP_INSTALL = YES;
				SWIFT_EMIT_LOC_STRINGS = YES;
				SWIFT_VERSION = 5.0;
				TARGETED_DEVICE_FAMILY = "1,2";
			};
			name = Release;
		};
		7A2BDEEF284DDA7400D53858 /* Debug */ = {
			isa = XCBuildConfiguration;
			buildSettings = {
				ASSETCATALOG_COMPILER_APPICON_NAME = AppIcon;
				ASSETCATALOG_COMPILER_GLOBAL_ACCENT_COLOR_NAME = AccentColor;
				CODE_SIGN_STYLE = Automatic;
				CURRENT_PROJECT_VERSION = 1;
				GENERATE_INFOPLIST_FILE = YES;
				INFOPLIST_FILE = SegmentedViewDemo/Info.plist;
				INFOPLIST_KEY_UIApplicationSupportsIndirectInputEvents = YES;
				INFOPLIST_KEY_UILaunchStoryboardName = LaunchScreen;
				INFOPLIST_KEY_UISupportedInterfaceOrientations_iPad = "UIInterfaceOrientationPortrait UIInterfaceOrientationPortraitUpsideDown UIInterfaceOrientationLandscapeLeft UIInterfaceOrientationLandscapeRight";
				INFOPLIST_KEY_UISupportedInterfaceOrientations_iPhone = "UIInterfaceOrientationPortrait UIInterfaceOrientationLandscapeLeft UIInterfaceOrientationLandscapeRight";
				IPHONEOS_DEPLOYMENT_TARGET = 13.0;
				LD_RUNPATH_SEARCH_PATHS = (
					"$(inherited)",
					"@executable_path/Frameworks",
				);
				MARKETING_VERSION = 1.0;
				PRODUCT_BUNDLE_IDENTIFIER = com.lagrange1813.SegmentedViewDemo;
				PRODUCT_NAME = "$(TARGET_NAME)";
				SWIFT_EMIT_LOC_STRINGS = YES;
				SWIFT_VERSION = 5.0;
				TARGETED_DEVICE_FAMILY = 1;
			};
			name = Debug;
		};
		7A2BDEF0284DDA7400D53858 /* Release */ = {
			isa = XCBuildConfiguration;
			buildSettings = {
				ASSETCATALOG_COMPILER_APPICON_NAME = AppIcon;
				ASSETCATALOG_COMPILER_GLOBAL_ACCENT_COLOR_NAME = AccentColor;
				CODE_SIGN_STYLE = Automatic;
				CURRENT_PROJECT_VERSION = 1;
				GENERATE_INFOPLIST_FILE = YES;
				INFOPLIST_FILE = SegmentedViewDemo/Info.plist;
				INFOPLIST_KEY_UIApplicationSupportsIndirectInputEvents = YES;
				INFOPLIST_KEY_UILaunchStoryboardName = LaunchScreen;
				INFOPLIST_KEY_UISupportedInterfaceOrientations_iPad = "UIInterfaceOrientationPortrait UIInterfaceOrientationPortraitUpsideDown UIInterfaceOrientationLandscapeLeft UIInterfaceOrientationLandscapeRight";
				INFOPLIST_KEY_UISupportedInterfaceOrientations_iPhone = "UIInterfaceOrientationPortrait UIInterfaceOrientationLandscapeLeft UIInterfaceOrientationLandscapeRight";
				IPHONEOS_DEPLOYMENT_TARGET = 13.0;
				LD_RUNPATH_SEARCH_PATHS = (
					"$(inherited)",
					"@executable_path/Frameworks",
				);
				MARKETING_VERSION = 1.0;
				PRODUCT_BUNDLE_IDENTIFIER = com.lagrange1813.SegmentedViewDemo;
				PRODUCT_NAME = "$(TARGET_NAME)";
				SWIFT_EMIT_LOC_STRINGS = YES;
				SWIFT_VERSION = 5.0;
				TARGETED_DEVICE_FAMILY = 1;
			};
			name = Release;
		};
/* End XCBuildConfiguration section */

/* Begin XCConfigurationList section */
		7A2BDEA7284DD9F800D53858 /* Build configuration list for PBXProject "SegmentedView" */ = {
			isa = XCConfigurationList;
			buildConfigurations = (
				7A2BDEB2284DD9F800D53858 /* Debug */,
				7A2BDEB3284DD9F800D53858 /* Release */,
			);
			defaultConfigurationIsVisible = 0;
			defaultConfigurationName = Release;
		};
		7A2BDEB4284DD9F800D53858 /* Build configuration list for PBXNativeTarget "SegmentedView" */ = {
			isa = XCConfigurationList;
			buildConfigurations = (
				7A2BDEB5284DD9F800D53858 /* Debug */,
				7A2BDEB6284DD9F800D53858 /* Release */,
			);
			defaultConfigurationIsVisible = 0;
			defaultConfigurationName = Release;
		};
		7A2BDEEE284DDA7400D53858 /* Build configuration list for PBXNativeTarget "SegmentedViewDemo" */ = {
			isa = XCConfigurationList;
			buildConfigurations = (
				7A2BDEEF284DDA7400D53858 /* Debug */,
				7A2BDEF0284DDA7400D53858 /* Release */,
			);
			defaultConfigurationIsVisible = 0;
			defaultConfigurationName = Release;
		};
/* End XCConfigurationList section */

/* Begin XCRemoteSwiftPackageReference section */
		7A2BDF03284DE5DD00D53858 /* XCRemoteSwiftPackageReference "LookinServer" */ = {
			isa = XCRemoteSwiftPackageReference;
			repositoryURL = "https://github.com/QMUI/LookinServer.git";
			requirement = {
				kind = exactVersion;
				version = 1.0.6;
			};
		};
		7AAA60B4284E2C0400306DB7 /* XCRemoteSwiftPackageReference "SnapKit" */ = {
			isa = XCRemoteSwiftPackageReference;
			repositoryURL = "https://github.com/SnapKit/SnapKit.git";
			requirement = {
				kind = exactVersion;
				version = 5.6.0;
			};
		};
/* End XCRemoteSwiftPackageReference section */

/* Begin XCSwiftPackageProductDependency section */
		7A2BDF04284DE5DD00D53858 /* LookinServer */ = {
			isa = XCSwiftPackageProductDependency;
			package = 7A2BDF03284DE5DD00D53858 /* XCRemoteSwiftPackageReference "LookinServer" */;
			productName = LookinServer;
		};
		7AAA60B5284E2C0400306DB7 /* SnapKit */ = {
			isa = XCSwiftPackageProductDependency;
			package = 7AAA60B4284E2C0400306DB7 /* XCRemoteSwiftPackageReference "SnapKit" */;
			productName = SnapKit;
		};
/* End XCSwiftPackageProductDependency section */
	};
	rootObject = 7A2BDEA4284DD9F800D53858 /* Project object */;
}
